
Microsoft Visual Studio Solution File, Format Version 12.00
Project("{FAE04EC0-301F-11D3-BF4B-00C04F79EFBC}") = "FileAnonimizationWithTests", "FileAnonimizationWithTests.csproj", "{FCFBD3F8-A8A1-46DB-8DB4-273A03878FD5}"
EndProject
Global
	GlobalSection(SolutionConfigurationPlatforms) = preSolution
		Debug|Any CPU = Debug|Any CPU
		Release|Any CPU = Release|Any CPU
	EndGlobalSection
	GlobalSection(ProjectConfigurationPlatforms) = postSolution
		{FCFBD3F8-A8A1-46DB-8DB4-273A03878FD5}.Debug|Any CPU.ActiveCfg = Debug|Any CPU
		{FCFBD3F8-A8A1-46DB-8DB4-273A03878FD5}.Debug|Any CPU.Build.0 = Debug|Any CPU
		{FCFBD3F8-A8A1-46DB-8DB4-273A03878FD5}.Release|Any CPU.ActiveCfg = Release|Any CPU
		{FCFBD3F8-A8A1-46DB-8DB4-273A03878FD5}.Release|Any CPU.Build.0 = Release|Any CPU
	EndGlobalSection
EndGlobal
